
Microsoft Visual Studio Solution File, Format Version 12.00
# Visual Studio Version 17
VisualStudioVersion = 17.3.32825.248
MinimumVisualStudioVersion = 10.0.40219.1
Project("{FAE04EC0-301F-11D3-BF4B-00C04F79EFBC}") = "DelegSobit2", "DelegSobit2.csproj", "{05F23945-7F81-4794-9B69-D991CE9ABE4D}"
EndProject
Global
	GlobalSection(SolutionConfigurationPlatforms) = preSolution
		Debug|Any CPU = Debug|Any CPU
		Release|Any CPU = Release|Any CPU
	EndGlobalSection
	GlobalSection(ProjectConfigurationPlatforms) = postSolution
		{05F23945-7F81-4794-9B69-D991CE9ABE4D}.Debug|Any CPU.ActiveCfg = Debug|Any CPU
		{05F23945-7F81-4794-9B69-D991CE9ABE4D}.Debug|Any CPU.Build.0 = Debug|Any CPU
		{05F23945-7F81-4794-9B69-D991CE9ABE4D}.Release|Any CPU.ActiveCfg = Release|Any CPU
		{05F23945-7F81-4794-9B69-D991CE9ABE4D}.Release|Any CPU.Build.0 = Release|Any CPU
	EndGlobalSection
	GlobalSection(SolutionProperties) = preSolution
		HideSolutionNode = FALSE
	EndGlobalSection
	GlobalSection(ExtensibilityGlobals) = postSolution
		SolutionGuid = {62BDE725-6D26-4141-B0BC-6788E9FBAF2C}
	EndGlobalSection
EndGlobal
